# THIS IS AN AUTOGENERATED FILE. DO NOT EDIT THIS FILE DIRECTLY.
# yarn lockfile v1


dank-do-while@^0.1.2:
  version "0.1.2"
  resolved "https://registry.yarnpkg.com/dank-do-while/-/dank-do-while-0.1.2.tgz#819b25937b9777657b56f5172ad856596fcd0c84"
  integrity sha512-pyMrgXfugjvdernLCcXNixYqGijUZzYxrb+hAeED2EBpNbctCCxdA/O6NIQXn6vIjwzY1IMmV29d2Y6vaayrwQ==

iconv-lite@0.5.0:
  version "0.5.0"
  resolved "https://registry.yarnpkg.com/iconv-lite/-/iconv-lite-0.5.0.tgz#59cdde0a2a297cc2aeb0c6445a195ee89f127550"
  integrity sha512-NnEhI9hIEKHOzJ4f697DMz9IQEXr/MMJ5w64vN2/4Ai+wRnvV7SBrL0KLoRlwaKVghOc7LQ5YkPLuX146b6Ydw==
  dependencies:
    safer-buffer ">= 2.1.2 < 3"

node-thermal-printer@^4.4.0:
  version "4.4.1"
  resolved "https://registry.yarnpkg.com/node-thermal-printer/-/node-thermal-printer-4.4.1.tgz#418c0286d249b24b8a91e78ca9398b3a7573213c"
  integrity sha512-aHZ7DaajCs725+7JWoAMRBlEMQB4NBKsvI/+y/0wxwhkpPlAjZl/PPzQgft3hHLiuQKkMMwnfoP94sFmKXUY0g==
  dependencies:
    iconv-lite "0.5.0"
    pngjs "3.3.3"
    unorm "1.4.1"
    write-file-queue "0.0.1"

pngjs@3.3.3:
  version "3.3.3"
  resolved "https://registry.yarnpkg.com/pngjs/-/pngjs-3.3.3.tgz#85173703bde3edac8998757b96e5821d0966a21b"
  integrity sha512-1n3Z4p3IOxArEs1VRXnZ/RXdfEniAUS9jb68g58FIXMNkPJeZd+Qh4Uq7/e0LVxAQGos1eIUrqrt4FpjdnEd+Q==

"safer-buffer@>= 2.1.2 < 3":
  version "2.1.2"
  resolved "https://registry.yarnpkg.com/safer-buffer/-/safer-buffer-2.1.2.tgz#44fa161b0187b9549dd84bb91802f9bd8385cd6a"
  integrity sha512-YZo3K82SD7Riyi0E1EQPojLz7kpepnSQI9IyPbHHg1XXXevb5dJI7tpyN2ADxGcQbHG7vcyRHk0cbwqcQriUtg==

unorm@1.4.1:
  version "1.4.1"
  resolved "https://registry.yarnpkg.com/unorm/-/unorm-1.4.1.tgz#364200d5f13646ca8bcd44490271335614792300"
  integrity sha512-ZKduSr7qaZXq/R784+M3vudsguIahTX9aVtlfJdMaQj/yQw7A8LhkaS76/a6d0TzeBtiMDl+clvrLxq6HG/nAA==

write-file-queue@0.0.1:
  version "0.0.1"
  resolved "https://registry.yarnpkg.com/write-file-queue/-/write-file-queue-0.0.1.tgz#3764f614451806e9612c969b770d830a6a8115e9"
  integrity sha512-uUInKYzJjhvZ5UJA27tsqbw6s9EEpwe6r4mdpN95t2E4aKzJEJbZg2EvIleTGaja+xtZYx376Jd2WWu5LEQP0w==
  dependencies:
    dank-do-while "^0.1.2"
